
Microsoft Visual Studio Solution File, Format Version 12.00
# Visual Studio 15
VisualStudioVersion = 15.0.28307.705
MinimumVisualStudioVersion = 10.0.40219.1
Project("{FAE04EC0-301F-11D3-BF4B-00C04F79EFBC}") = "ServicesWebsite", "ServicesWebsite\ServicesWebsite.csproj", "{8FDF6A47-072C-4503-B406-093F390DA994}"
EndProject
Project("{FAE04EC0-301F-11D3-BF4B-00C04F79EFBC}") = "ControlPanel", "ControlPanel\ControlPanel\ControlPanel.csproj", "{6C209EAA-CC58-460F-88EF-DA9B5873334A}"
EndProject
Global
	GlobalSection(SolutionConfigurationPlatforms) = preSolution
		Debug|Any CPU = Debug|Any CPU
		Release|Any CPU = Release|Any CPU
	EndGlobalSection
	GlobalSection(ProjectConfigurationPlatforms) = postSolution
		{8FDF6A47-072C-4503-B406-093F390DA994}.Debug|Any CPU.ActiveCfg = Debug|Any CPU
		{8FDF6A47-072C-4503-B406-093F390DA994}.Debug|Any CPU.Build.0 = Debug|Any CPU
		{8FDF6A47-072C-4503-B406-093F390DA994}.Release|Any CPU.ActiveCfg = Release|Any CPU
		{8FDF6A47-072C-4503-B406-093F390DA994}.Release|Any CPU.Build.0 = Release|Any CPU
		{6C209EAA-CC58-460F-88EF-DA9B5873334A}.Debug|Any CPU.ActiveCfg = Debug|Any CPU
		{6C209EAA-CC58-460F-88EF-DA9B5873334A}.Debug|Any CPU.Build.0 = Debug|Any CPU
		{6C209EAA-CC58-460F-88EF-DA9B5873334A}.Release|Any CPU.ActiveCfg = Release|Any CPU
		{6C209EAA-CC58-460F-88EF-DA9B5873334A}.Release|Any CPU.Build.0 = Release|Any CPU
	EndGlobalSection
	GlobalSection(SolutionProperties) = preSolution
		HideSolutionNode = FALSE
	EndGlobalSection
	GlobalSection(ExtensibilityGlobals) = postSolution
		SolutionGuid = {42D29A74-8F48-40DE-9571-581DF656F237}
	EndGlobalSection
EndGlobal
